
Microsoft Visual Studio Solution File, Format Version 12.00
# Visual Studio Version 16
VisualStudioVersion = 16.0.29806.167
MinimumVisualStudioVersion = 10.0.40219.1
Project("{FAE04EC0-301F-11D3-BF4B-00C04F79EFBC}") = "Enum_Task_List", "Enum_Task_List.csproj", "{6515F9E6-5411-4A55-BE0E-28CF48A0FDB3}"
EndProject
Global
	GlobalSection(SolutionConfigurationPlatforms) = preSolution
		Debug|Any CPU = Debug|Any CPU
		Release|Any CPU = Release|Any CPU
	EndGlobalSection
	GlobalSection(ProjectConfigurationPlatforms) = postSolution
		{6515F9E6-5411-4A55-BE0E-28CF48A0FDB3}.Debug|Any CPU.ActiveCfg = Debug|Any CPU
		{6515F9E6-5411-4A55-BE0E-28CF48A0FDB3}.Debug|Any CPU.Build.0 = Debug|Any CPU
		{6515F9E6-5411-4A55-BE0E-28CF48A0FDB3}.Release|Any CPU.ActiveCfg = Release|Any CPU
		{6515F9E6-5411-4A55-BE0E-28CF48A0FDB3}.Release|Any CPU.Build.0 = Release|Any CPU
	EndGlobalSection
	GlobalSection(SolutionProperties) = preSolution
		HideSolutionNode = FALSE
	EndGlobalSection
	GlobalSection(ExtensibilityGlobals) = postSolution
		SolutionGuid = {3F811EB1-2A3A-43F9-B1E9-7085A7C61848}
	EndGlobalSection
EndGlobal
